// !$*UTF8*$!
{
	archiveVersion = 1;
	classes = {
	};
	objectVersion = 46;
	objects = {

/* Begin PBXBuildFile section */
		2086E51C18EE2AF900ED2F10 /* Musica.m in Sources */ = {isa = PBXBuildFile; fileRef = 2086E51B18EE2AF900ED2F10 /* Musica.m */; };
		20C2788318EE6E3D0004EA08 /* SoundTableViewCell.m in Sources */ = {isa = PBXBuildFile; fileRef = 20C2788218EE6E3D0004EA08 /* SoundTableViewCell.m */; };
		B70BDD7718EC867E00CF4D94 /* CoreMedia.framework in Frameworks */ = {isa = PBXBuildFile; fileRef = B70BDD7618EC867E00CF4D94 /* CoreMedia.framework */; };
		B70BDD7918EC868600CF4D94 /* MediaPlayer.framework in Frameworks */ = {isa = PBXBuildFile; fileRef = B70BDD7818EC868600CF4D94 /* MediaPlayer.framework */; };
		B721580518EB3B7800F90D7F /* AVFoundation.framework in Frameworks */ = {isa = PBXBuildFile; fileRef = B721580418EB3B7800F90D7F /* AVFoundation.framework */; };
		B721580618EB3C0400F90D7F /* CoreData.framework in Frameworks */ = {isa = PBXBuildFile; fileRef = B7E95E6718EB33B600B10E06 /* CoreData.framework */; };
		B721580918EB42C800F90D7F /* Gravador.m in Sources */ = {isa = PBXBuildFile; fileRef = B721580818EB42C800F90D7F /* Gravador.m */; };
		B72BB41C18EDDAB200737245 /* micBT-ON.png in Resources */ = {isa = PBXBuildFile; fileRef = B72BB41A18EDDAB200737245 /* micBT-ON.png */; };
		B72BB41D18EDDAB200737245 /* micBT.png in Resources */ = {isa = PBXBuildFile; fileRef = B72BB41B18EDDAB200737245 /* micBT.png */; };
		B7B3889818EDE81400E406A7 /* TituloCell.m in Sources */ = {isa = PBXBuildFile; fileRef = B7B3889718EDE81400E406A7 /* TituloCell.m */; };
		B7B3889B18EDECF800E406A7 /* AudioPlayer.m in Sources */ = {isa = PBXBuildFile; fileRef = B7B3889A18EDECF800E406A7 /* AudioPlayer.m */; };
		B7E95E6218EB33B600B10E06 /* Foundation.framework in Frameworks */ = {isa = PBXBuildFile; fileRef = B7E95E6118EB33B600B10E06 /* Foundation.framework */; };
		B7E95E6418EB33B600B10E06 /* CoreGraphics.framework in Frameworks */ = {isa = PBXBuildFile; fileRef = B7E95E6318EB33B600B10E06 /* CoreGraphics.framework */; };
		B7E95E6618EB33B600B10E06 /* UIKit.framework in Frameworks */ = {isa = PBXBuildFile; fileRef = B7E95E6518EB33B600B10E06 /* UIKit.framework */; };
		B7E95E6E18EB33B600B10E06 /* InfoPlist.strings in Resources */ = {isa = PBXBuildFile; fileRef = B7E95E6C18EB33B600B10E06 /* InfoPlist.strings */; };
		B7E95E7018EB33B600B10E06 /* main.m in Sources */ = {isa = PBXBuildFile; fileRef = B7E95E6F18EB33B600B10E06 /* main.m */; };
		B7E95E7418EB33B600B10E06 /* AppDelegate.m in Sources */ = {isa = PBXBuildFile; fileRef = B7E95E7318EB33B600B10E06 /* AppDelegate.m */; };
		B7E95E7718EB33B600B10E06 /* AudioManager.xcdatamodeld in Sources */ = {isa = PBXBuildFile; fileRef = B7E95E7518EB33B600B10E06 /* AudioManager.xcdatamodeld */; };
		B7E95E7918EB33B600B10E06 /* Images.xcassets in Resources */ = {isa = PBXBuildFile; fileRef = B7E95E7818EB33B600B10E06 /* Images.xcassets */; };
		B7E95E8018EB33B600B10E06 /* XCTest.framework in Frameworks */ = {isa = PBXBuildFile; fileRef = B7E95E7F18EB33B600B10E06 /* XCTest.framework */; };
		B7E95E8118EB33B600B10E06 /* Foundation.framework in Frameworks */ = {isa = PBXBuildFile; fileRef = B7E95E6118EB33B600B10E06 /* Foundation.framework */; };
		B7E95E8218EB33B600B10E06 /* UIKit.framework in Frameworks */ = {isa = PBXBuildFile; fileRef = B7E95E6518EB33B600B10E06 /* UIKit.framework */; };
		B7E95E8318EB33B600B10E06 /* CoreData.framework in Frameworks */ = {isa = PBXBuildFile; fileRef = B7E95E6718EB33B600B10E06 /* CoreData.framework */; };
		B7E95E8B18EB33B600B10E06 /* InfoPlist.strings in Resources */ = {isa = PBXBuildFile; fileRef = B7E95E8918EB33B600B10E06 /* InfoPlist.strings */; };
		B7E95E8D18EB33B600B10E06 /* AudioManagerTests.m in Sources */ = {isa = PBXBuildFile; fileRef = B7E95E8C18EB33B600B10E06 /* AudioManagerTests.m */; };
		B7E95EA118EB33CD00B10E06 /* Main.storyboard in Resources */ = {isa = PBXBuildFile; fileRef = B7E95E9618EB33CD00B10E06 /* Main.storyboard */; };
		B7E95EA218EB33CD00B10E06 /* AudioMenagerViewController.m in Sources */ = {isa = PBXBuildFile; fileRef = B7E95E9818EB33CD00B10E06 /* AudioMenagerViewController.m */; };
		B7E95EA318EB33CD00B10E06 /* AdicionarBibliotecaViewController.m in Sources */ = {isa = PBXBuildFile; fileRef = B7E95E9A18EB33CD00B10E06 /* AdicionarBibliotecaViewController.m */; };
		B7E95EA418EB33CD00B10E06 /* BibliotecaViewController.m in Sources */ = {isa = PBXBuildFile; fileRef = B7E95E9C18EB33CD00B10E06 /* BibliotecaViewController.m */; };
		B7E95EA518EB33CD00B10E06 /* GravarViewController.m in Sources */ = {isa = PBXBuildFile; fileRef = B7E95E9E18EB33CD00B10E06 /* GravarViewController.m */; };
/* End PBXBuildFile section */

/* Begin PBXContainerItemProxy section */
		B7E95E8418EB33B600B10E06 /* PBXContainerItemProxy */ = {
			isa = PBXContainerItemProxy;
			containerPortal = B7E95E5618EB33B600B10E06 /* Project object */;
			proxyType = 1;
			remoteGlobalIDString = B7E95E5D18EB33B600B10E06;
			remoteInfo = AudioManager;
		};
/* End PBXContainerItemProxy section */

/* Begin PBXFileReference section */
		2086E51A18EE2AF900ED2F10 /* Musica.h */ = {isa = PBXFileReference; fileEncoding = 4; lastKnownFileType = sourcecode.c.h; path = Musica.h; sourceTree = "<group>"; };
		2086E51B18EE2AF900ED2F10 /* Musica.m */ = {isa = PBXFileReference; fileEncoding = 4; lastKnownFileType = sourcecode.c.objc; path = Musica.m; sourceTree = "<group>"; };
		20C2788118EE6E3D0004EA08 /* SoundTableViewCell.h */ = {isa = PBXFileReference; fileEncoding = 4; lastKnownFileType = sourcecode.c.h; name = SoundTableViewCell.h; path = ../SoundTableViewCell.h; sourceTree = "<group>"; };
		20C2788218EE6E3D0004EA08 /* SoundTableViewCell.m */ = {isa = PBXFileReference; fileEncoding = 4; lastKnownFileType = sourcecode.c.objc; name = SoundTableViewCell.m; path = ../SoundTableViewCell.m; sourceTree = "<group>"; };
		B70BDD7618EC867E00CF4D94 /* CoreMedia.framework */ = {isa = PBXFileReference; lastKnownFileType = wrapper.framework; name = CoreMedia.framework; path = System/Library/Frameworks/CoreMedia.framework; sourceTree = SDKROOT; };
		B70BDD7818EC868600CF4D94 /* MediaPlayer.framework */ = {isa = PBXFileReference; lastKnownFileType = wrapper.framework; name = MediaPlayer.framework; path = System/Library/Frameworks/MediaPlayer.framework; sourceTree = SDKROOT; };
		B721580218EB3B6C00F90D7F /* CoreAudio.framework */ = {isa = PBXFileReference; lastKnownFileType = wrapper.framework; name = CoreAudio.framework; path = System/Library/Frameworks/CoreAudio.framework; sourceTree = SDKROOT; };
		B721580418EB3B7800F90D7F /* AVFoundation.framework */ = {isa = PBXFileReference; lastKnownFileType = wrapper.framework; name = AVFoundation.framework; path = System/Library/Frameworks/AVFoundation.framework; sourceTree = SDKROOT; };
		B721580718EB42C800F90D7F /* Gravador.h */ = {isa = PBXFileReference; fileEncoding = 4; lastKnownFileType = sourcecode.c.h; path = Gravador.h; sourceTree = "<group>"; };
		B721580818EB42C800F90D7F /* Gravador.m */ = {isa = PBXFileReference; fileEncoding = 4; lastKnownFileType = sourcecode.c.objc; path = Gravador.m; sourceTree = "<group>"; };
		B72BB41A18EDDAB200737245 /* micBT-ON.png */ = {isa = PBXFileReference; lastKnownFileType = image.png; path = "micBT-ON.png"; sourceTree = "<group>"; };
		B72BB41B18EDDAB200737245 /* micBT.png */ = {isa = PBXFileReference; lastKnownFileType = image.png; path = micBT.png; sourceTree = "<group>"; };
		B7B3889618EDE81400E406A7 /* TituloCell.h */ = {isa = PBXFileReference; fileEncoding = 4; lastKnownFileType = sourcecode.c.h; path = TituloCell.h; sourceTree = "<group>"; };
		B7B3889718EDE81400E406A7 /* TituloCell.m */ = {isa = PBXFileReference; fileEncoding = 4; lastKnownFileType = sourcecode.c.objc; path = TituloCell.m; sourceTree = "<group>"; };
		B7B3889918EDECF800E406A7 /* AudioPlayer.h */ = {isa = PBXFileReference; fileEncoding = 4; lastKnownFileType = sourcecode.c.h; path = AudioPlayer.h; sourceTree = "<group>"; };
		B7B3889A18EDECF800E406A7 /* AudioPlayer.m */ = {isa = PBXFileReference; fileEncoding = 4; lastKnownFileType = sourcecode.c.objc; path = AudioPlayer.m; sourceTree = "<group>"; };
		B7E95E5E18EB33B600B10E06 /* AudioManager.app */ = {isa = PBXFileReference; explicitFileType = wrapper.application; includeInIndex = 0; path = AudioManager.app; sourceTree = BUILT_PRODUCTS_DIR; };
		B7E95E6118EB33B600B10E06 /* Foundation.framework */ = {isa = PBXFileReference; lastKnownFileType = wrapper.framework; name = Foundation.framework; path = System/Library/Frameworks/Foundation.framework; sourceTree = SDKROOT; };
		B7E95E6318EB33B600B10E06 /* CoreGraphics.framework */ = {isa = PBXFileReference; lastKnownFileType = wrapper.framework; name = CoreGraphics.framework; path = System/Library/Frameworks/CoreGraphics.framework; sourceTree = SDKROOT; };
		B7E95E6518EB33B600B10E06 /* UIKit.framework */ = {isa = PBXFileReference; lastKnownFileType = wrapper.framework; name = UIKit.framework; path = System/Library/Frameworks/UIKit.framework; sourceTree = SDKROOT; };
		B7E95E6718EB33B600B10E06 /* CoreData.framework */ = {isa = PBXFileReference; lastKnownFileType = wrapper.framework; name = CoreData.framework; path = System/Library/Frameworks/CoreData.framework; sourceTree = SDKROOT; };
		B7E95E6B18EB33B600B10E06 /* AudioManager-Info.plist */ = {isa = PBXFileReference; lastKnownFileType = text.plist.xml; path = "AudioManager-Info.plist"; sourceTree = "<group>"; };
		B7E95E6D18EB33B600B10E06 /* en */ = {isa = PBXFileReference; lastKnownFileType = text.plist.strings; name = en; path = en.lproj/InfoPlist.strings; sourceTree = "<group>"; };
		B7E95E6F18EB33B600B10E06 /* main.m */ = {isa = PBXFileReference; lastKnownFileType = sourcecode.c.objc; path = main.m; sourceTree = "<group>"; };
		B7E95E7118EB33B600B10E06 /* AudioManager-Prefix.pch */ = {isa = PBXFileReference; lastKnownFileType = sourcecode.c.h; path = "AudioManager-Prefix.pch"; sourceTree = "<group>"; };
		B7E95E7218EB33B600B10E06 /* AppDelegate.h */ = {isa = PBXFileReference; lastKnownFileType = sourcecode.c.h; path = AppDelegate.h; sourceTree = "<group>"; };
		B7E95E7318EB33B600B10E06 /* AppDelegate.m */ = {isa = PBXFileReference; lastKnownFileType = sourcecode.c.objc; path = AppDelegate.m; sourceTree = "<group>"; };
		B7E95E7618EB33B600B10E06 /* AudioManager.xcdatamodel */ = {isa = PBXFileReference; lastKnownFileType = wrapper.xcdatamodel; path = AudioManager.xcdatamodel; sourceTree = "<group>"; };
		B7E95E7818EB33B600B10E06 /* Images.xcassets */ = {isa = PBXFileReference; lastKnownFileType = folder.assetcatalog; path = Images.xcassets; sourceTree = "<group>"; };
		B7E95E7E18EB33B600B10E06 /* AudioManagerTests.xctest */ = {isa = PBXFileReference; explicitFileType = wrapper.cfbundle; includeInIndex = 0; path = AudioManagerTests.xctest; sourceTree = BUILT_PRODUCTS_DIR; };
		B7E95E7F18EB33B600B10E06 /* XCTest.framework */ = {isa = PBXFileReference; lastKnownFileType = wrapper.framework; name = XCTest.framework; path = Library/Frameworks/XCTest.framework; sourceTree = DEVELOPER_DIR; };
		B7E95E8818EB33B600B10E06 /* AudioManagerTests-Info.plist */ = {isa = PBXFileReference; lastKnownFileType = text.plist.xml; path = "AudioManagerTests-Info.plist"; sourceTree = "<group>"; };
		B7E95E8A18EB33B600B10E06 /* en */ = {isa = PBXFileReference; lastKnownFileType = text.plist.strings; name = en; path = en.lproj/InfoPlist.strings; sourceTree = "<group>"; };
		B7E95E8C18EB33B600B10E06 /* AudioManagerTests.m */ = {isa = PBXFileReference; lastKnownFileType = sourcecode.c.objc; path = AudioManagerTests.m; sourceTree = "<group>"; };
		B7E95E9618EB33CD00B10E06 /* Main.storyboard */ = {isa = PBXFileReference; fileEncoding = 4; lastKnownFileType = file.storyboard; path = Main.storyboard; sourceTree = "<group>"; };
		B7E95E9718EB33CD00B10E06 /* AudioMenagerViewController.h */ = {isa = PBXFileReference; fileEncoding = 4; lastKnownFileType = sourcecode.c.h; path = AudioMenagerViewController.h; sourceTree = "<group>"; };
		B7E95E9818EB33CD00B10E06 /* AudioMenagerViewController.m */ = {isa = PBXFileReference; fileEncoding = 4; lastKnownFileType = sourcecode.c.objc; path = AudioMenagerViewController.m; sourceTree = "<group>"; };
		B7E95E9918EB33CD00B10E06 /* AdicionarBibliotecaViewController.h */ = {isa = PBXFileReference; fileEncoding = 4; lastKnownFileType = sourcecode.c.h; path = AdicionarBibliotecaViewController.h; sourceTree = "<group>"; };
		B7E95E9A18EB33CD00B10E06 /* AdicionarBibliotecaViewController.m */ = {isa = PBXFileReference; fileEncoding = 4; lastKnownFileType = sourcecode.c.objc; path = AdicionarBibliotecaViewController.m; sourceTree = "<group>"; };
		B7E95E9B18EB33CD00B10E06 /* BibliotecaViewController.h */ = {isa = PBXFileReference; fileEncoding = 4; lastKnownFileType = sourcecode.c.h; path = BibliotecaViewController.h; sourceTree = "<group>"; };
		B7E95E9C18EB33CD00B10E06 /* BibliotecaViewController.m */ = {isa = PBXFileReference; fileEncoding = 4; lastKnownFileType = sourcecode.c.objc; path = BibliotecaViewController.m; sourceTree = "<group>"; };
		B7E95E9D18EB33CD00B10E06 /* GravarViewController.h */ = {isa = PBXFileReference; fileEncoding = 4; lastKnownFileType = sourcecode.c.h; path = GravarViewController.h; sourceTree = "<group>"; };
		B7E95E9E18EB33CD00B10E06 /* GravarViewController.m */ = {isa = PBXFileReference; fileEncoding = 4; lastKnownFileType = sourcecode.c.objc; path = GravarViewController.m; sourceTree = "<group>"; };
/* End PBXFileReference section */

/* Begin PBXFrameworksBuildPhase section */
		B7E95E5B18EB33B600B10E06 /* Frameworks */ = {
			isa = PBXFrameworksBuildPhase;
			buildActionMask = 2147483647;
			files = (
				B70BDD7918EC868600CF4D94 /* MediaPlayer.framework in Frameworks */,
				B70BDD7718EC867E00CF4D94 /* CoreMedia.framework in Frameworks */,
				B721580618EB3C0400F90D7F /* CoreData.framework in Frameworks */,
				B721580518EB3B7800F90D7F /* AVFoundation.framework in Frameworks */,
				B7E95E6418EB33B600B10E06 /* CoreGraphics.framework in Frameworks */,
				B7E95E6618EB33B600B10E06 /* UIKit.framework in Frameworks */,
				B7E95E6218EB33B600B10E06 /* Foundation.framework in Frameworks */,
			);
			runOnlyForDeploymentPostprocessing = 0;
		};
		B7E95E7B18EB33B600B10E06 /* Frameworks */ = {
			isa = PBXFrameworksBuildPhase;
			buildActionMask = 2147483647;
			files = (
				B7E95E8018EB33B600B10E06 /* XCTest.framework in Frameworks */,
				B7E95E8318EB33B600B10E06 /* CoreData.framework in Frameworks */,
				B7E95E8218EB33B600B10E06 /* UIKit.framework in Frameworks */,
				B7E95E8118EB33B600B10E06 /* Foundation.framework in Frameworks */,
			);
			runOnlyForDeploymentPostprocessing = 0;
		};
/* End PBXFrameworksBuildPhase section */

/* Begin PBXGroup section */
		B7E95E5518EB33B600B10E06 = {
			isa = PBXGroup;
			children = (
				B7E95E6918EB33B600B10E06 /* AudioManager */,
				B7E95E8618EB33B600B10E06 /* AudioManagerTests */,
				B7E95E6018EB33B600B10E06 /* Frameworks */,
				B7E95E5F18EB33B600B10E06 /* Products */,
			);
			sourceTree = "<group>";
		};
		B7E95E5F18EB33B600B10E06 /* Products */ = {
			isa = PBXGroup;
			children = (
				B7E95E5E18EB33B600B10E06 /* AudioManager.app */,
				B7E95E7E18EB33B600B10E06 /* AudioManagerTests.xctest */,
			);
			name = Products;
			sourceTree = "<group>";
		};
		B7E95E6018EB33B600B10E06 /* Frameworks */ = {
			isa = PBXGroup;
			children = (
				B70BDD7818EC868600CF4D94 /* MediaPlayer.framework */,
				B70BDD7618EC867E00CF4D94 /* CoreMedia.framework */,
				B721580418EB3B7800F90D7F /* AVFoundation.framework */,
				B721580218EB3B6C00F90D7F /* CoreAudio.framework */,
				B7E95E6118EB33B600B10E06 /* Foundation.framework */,
				B7E95E6318EB33B600B10E06 /* CoreGraphics.framework */,
				B7E95E6518EB33B600B10E06 /* UIKit.framework */,
				B7E95E6718EB33B600B10E06 /* CoreData.framework */,
				B7E95E7F18EB33B600B10E06 /* XCTest.framework */,
			);
			name = Frameworks;
			sourceTree = "<group>";
		};
		B7E95E6918EB33B600B10E06 /* AudioManager */ = {
			isa = PBXGroup;
			children = (
				B7E95E7218EB33B600B10E06 /* AppDelegate.h */,
				B7E95E7318EB33B600B10E06 /* AppDelegate.m */,
				B7E95E9618EB33CD00B10E06 /* Main.storyboard */,
				B7B3889618EDE81400E406A7 /* TituloCell.h */,
				B7B3889718EDE81400E406A7 /* TituloCell.m */,
				B7E95E9718EB33CD00B10E06 /* AudioMenagerViewController.h */,
				B7E95E9818EB33CD00B10E06 /* AudioMenagerViewController.m */,
				B7E95E9918EB33CD00B10E06 /* AdicionarBibliotecaViewController.h */,
				B7E95E9A18EB33CD00B10E06 /* AdicionarBibliotecaViewController.m */,
				B7B3889918EDECF800E406A7 /* AudioPlayer.h */,
				B7B3889A18EDECF800E406A7 /* AudioPlayer.m */,
				20C2788118EE6E3D0004EA08 /* SoundTableViewCell.h */,
				20C2788218EE6E3D0004EA08 /* SoundTableViewCell.m */,
				B7E95E9B18EB33CD00B10E06 /* BibliotecaViewController.h */,
				B7E95E9C18EB33CD00B10E06 /* BibliotecaViewController.m */,
				B7E95E9D18EB33CD00B10E06 /* GravarViewController.h */,
				B7E95E9E18EB33CD00B10E06 /* GravarViewController.m */,
				B721580718EB42C800F90D7F /* Gravador.h */,
				B721580818EB42C800F90D7F /* Gravador.m */,
				B7E95E7818EB33B600B10E06 /* Images.xcassets */,
				B7E95E7518EB33B600B10E06 /* AudioManager.xcdatamodeld */,
				2086E51A18EE2AF900ED2F10 /* Musica.h */,
				2086E51B18EE2AF900ED2F10 /* Musica.m */,
				B7E95E6A18EB33B600B10E06 /* Supporting Files */,
			);
			path = AudioManager;
			sourceTree = "<group>";
		};
		B7E95E6A18EB33B600B10E06 /* Supporting Files */ = {
			isa = PBXGroup;
			children = (
				B72BB41A18EDDAB200737245 /* micBT-ON.png */,
				B72BB41B18EDDAB200737245 /* micBT.png */,
				B7E95E6B18EB33B600B10E06 /* AudioManager-Info.plist */,
				B7E95E6C18EB33B600B10E06 /* InfoPlist.strings */,
				B7E95E6F18EB33B600B10E06 /* main.m */,
				B7E95E7118EB33B600B10E06 /* AudioManager-Prefix.pch */,
			);
			name = "Supporting Files";
			sourceTree = "<group>";
		};
		B7E95E8618EB33B600B10E06 /* AudioManagerTests */ = {
			isa = PBXGroup;
			children = (
				B7E95E8C18EB33B600B10E06 /* AudioManagerTests.m */,
				B7E95E8718EB33B600B10E06 /* Supporting Files */,
			);
			path = AudioManagerTests;
			sourceTree = "<group>";
		};
		B7E95E8718EB33B600B10E06 /* Supporting Files */ = {
			isa = PBXGroup;
			children = (
				B7E95E8818EB33B600B10E06 /* AudioManagerTests-Info.plist */,
				B7E95E8918EB33B600B10E06 /* InfoPlist.strings */,
			);
			name = "Supporting Files";
			sourceTree = "<group>";
		};
/* End PBXGroup section */

/* Begin PBXNativeTarget section */
		B7E95E5D18EB33B600B10E06 /* AudioManager */ = {
			isa = PBXNativeTarget;
			buildConfigurationList = B7E95E9018EB33B600B10E06 /* Build configuration list for PBXNativeTarget "AudioManager" */;
			buildPhases = (
				B7E95E5A18EB33B600B10E06 /* Sources */,
				B7E95E5B18EB33B600B10E06 /* Frameworks */,
				B7E95E5C18EB33B600B10E06 /* Resources */,
			);
			buildRules = (
			);
			dependencies = (
			);
			name = AudioManager;
			productName = AudioManager;
			productReference = B7E95E5E18EB33B600B10E06 /* AudioManager.app */;
			productType = "com.apple.product-type.application";
		};
		B7E95E7D18EB33B600B10E06 /* AudioManagerTests */ = {
			isa = PBXNativeTarget;
			buildConfigurationList = B7E95E9318EB33B600B10E06 /* Build configuration list for PBXNativeTarget "AudioManagerTests" */;
			buildPhases = (
				B7E95E7A18EB33B600B10E06 /* Sources */,
				B7E95E7B18EB33B600B10E06 /* Frameworks */,
				B7E95E7C18EB33B600B10E06 /* Resources */,
			);
			buildRules = (
			);
			dependencies = (
				B7E95E8518EB33B600B10E06 /* PBXTargetDependency */,
			);
			name = AudioManagerTests;
			productName = AudioManagerTests;
			productReference = B7E95E7E18EB33B600B10E06 /* AudioManagerTests.xctest */;
			productType = "com.apple.product-type.bundle.unit-test";
		};
/* End PBXNativeTarget section */

/* Begin PBXProject section */
		B7E95E5618EB33B600B10E06 /* Project object */ = {
			isa = PBXProject;
			attributes = {
				LastUpgradeCheck = 0510;
				ORGANIZATIONNAME = "ICARO NASCIMENTO FERREIRA";
				TargetAttributes = {
					B7E95E7D18EB33B600B10E06 = {
						TestTargetID = B7E95E5D18EB33B600B10E06;
					};
				};
			};
			buildConfigurationList = B7E95E5918EB33B600B10E06 /* Build configuration list for PBXProject "AudioManager" */;
			compatibilityVersion = "Xcode 3.2";
			developmentRegion = English;
			hasScannedForEncodings = 0;
			knownRegions = (
				en,
			);
			mainGroup = B7E95E5518EB33B600B10E06;
			productRefGroup = B7E95E5F18EB33B600B10E06 /* Products */;
			projectDirPath = "";
			projectRoot = "";
			targets = (
				B7E95E5D18EB33B600B10E06 /* AudioManager */,
				B7E95E7D18EB33B600B10E06 /* AudioManagerTests */,
			);
		};
/* End PBXProject section */

/* Begin PBXResourcesBuildPhase section */
		B7E95E5C18EB33B600B10E06 /* Resources */ = {
			isa = PBXResourcesBuildPhase;
			buildActionMask = 2147483647;
			files = (
				B72BB41D18EDDAB200737245 /* micBT.png in Resources */,
				B72BB41C18EDDAB200737245 /* micBT-ON.png in Resources */,
				B7E95EA118EB33CD00B10E06 /* Main.storyboard in Resources */,
				B7E95E6E18EB33B600B10E06 /* InfoPlist.strings in Resources */,
				B7E95E7918EB33B600B10E06 /* Images.xcassets in Resources */,
			);
			runOnlyForDeploymentPostprocessing = 0;
		};
		B7E95E7C18EB33B600B10E06 /* Resources */ = {
			isa = PBXResourcesBuildPhase;
			buildActionMask = 2147483647;
			files = (
				B7E95E8B18EB33B600B10E06 /* InfoPlist.strings in Resources */,
			);
			runOnlyForDeploymentPostprocessing = 0;
		};
/* End PBXResourcesBuildPhase section */

/* Begin PBXSourcesBuildPhase section */
		B7E95E5A18EB33B600B10E06 /* Sources */ = {
			isa = PBXSourcesBuildPhase;
			buildActionMask = 2147483647;
			files = (
				B7E95E7718EB33B600B10E06 /* AudioManager.xcdatamodeld in Sources */,
				B7E95E7418EB33B600B10E06 /* AppDelegate.m in Sources */,
				B7B3889818EDE81400E406A7 /* TituloCell.m in Sources */,
				B7E95EA318EB33CD00B10E06 /* AdicionarBibliotecaViewController.m in Sources */,
				B7E95EA518EB33CD00B10E06 /* GravarViewController.m in Sources */,
				2086E51C18EE2AF900ED2F10 /* Musica.m in Sources */,
				B7E95E7018EB33B600B10E06 /* main.m in Sources */,
				B7B3889B18EDECF800E406A7 /* AudioPlayer.m in Sources */,
				B7E95EA418EB33CD00B10E06 /* BibliotecaViewController.m in Sources */,
				B7E95EA218EB33CD00B10E06 /* AudioMenagerViewController.m in Sources */,
				B721580918EB42C800F90D7F /* Gravador.m in Sources */,
				20C2788318EE6E3D0004EA08 /* SoundTableViewCell.m in Sources */,
			);
			runOnlyForDeploymentPostprocessing = 0;
		};
		B7E95E7A18EB33B600B10E06 /* Sources */ = {
			isa = PBXSourcesBuildPhase;
			buildActionMask = 2147483647;
			files = (
				B7E95E8D18EB33B600B10E06 /* AudioManagerTests.m in Sources */,
			);
			runOnlyForDeploymentPostprocessing = 0;
		};
/* End PBXSourcesBuildPhase section */

/* Begin PBXTargetDependency section */
		B7E95E8518EB33B600B10E06 /* PBXTargetDependency */ = {
			isa = PBXTargetDependency;
			target = B7E95E5D18EB33B600B10E06 /* AudioManager */;
			targetProxy = B7E95E8418EB33B600B10E06 /* PBXContainerItemProxy */;
		};
/* End PBXTargetDependency section */

/* Begin PBXVariantGroup section */
		B7E95E6C18EB33B600B10E06 /* InfoPlist.strings */ = {
			isa = PBXVariantGroup;
			children = (
				B7E95E6D18EB33B600B10E06 /* en */,
			);
			name = InfoPlist.strings;
			sourceTree = "<group>";
		};
		B7E95E8918EB33B600B10E06 /* InfoPlist.strings */ = {
			isa = PBXVariantGroup;
			children = (
				B7E95E8A18EB33B600B10E06 /* en */,
			);
			name = InfoPlist.strings;
			sourceTree = "<group>";
		};
/* End PBXVariantGroup section */

/* Begin XCBuildConfiguration section */
		B7E95E8E18EB33B600B10E06 /* Debug */ = {
			isa = XCBuildConfiguration;
			buildSettings = {
				ALWAYS_SEARCH_USER_PATHS = NO;
				CLANG_CXX_LANGUAGE_STANDARD = "gnu++0x";
				CLANG_CXX_LIBRARY = "libc++";
				CLANG_ENABLE_MODULES = YES;
				CLANG_ENABLE_OBJC_ARC = YES;
				CLANG_WARN_BOOL_CONVERSION = YES;
				CLANG_WARN_CONSTANT_CONVERSION = YES;
				CLANG_WARN_DIRECT_OBJC_ISA_USAGE = YES_ERROR;
				CLANG_WARN_EMPTY_BODY = YES;
				CLANG_WARN_ENUM_CONVERSION = YES;
				CLANG_WARN_INT_CONVERSION = YES;
				CLANG_WARN_OBJC_ROOT_CLASS = YES_ERROR;
				CLANG_WARN__DUPLICATE_METHOD_MATCH = YES;
				"CODE_SIGN_IDENTITY[sdk=iphoneos*]" = "iPhone Developer";
				COPY_PHASE_STRIP = NO;
				GCC_C_LANGUAGE_STANDARD = gnu99;
				GCC_DYNAMIC_NO_PIC = NO;
				GCC_OPTIMIZATION_LEVEL = 0;
				GCC_PREPROCESSOR_DEFINITIONS = (
					"DEBUG=1",
					"$(inherited)",
				);
				GCC_SYMBOLS_PRIVATE_EXTERN = NO;
				GCC_WARN_64_TO_32_BIT_CONVERSION = YES;
				GCC_WARN_ABOUT_RETURN_TYPE = YES_ERROR;
				GCC_WARN_UNDECLARED_SELECTOR = YES;
				GCC_WARN_UNINITIALIZED_AUTOS = YES;
				GCC_WARN_UNUSED_FUNCTION = YES;
				GCC_WARN_UNUSED_VARIABLE = YES;
				IPHONEOS_DEPLOYMENT_TARGET = 7.0;
				ONLY_ACTIVE_ARCH = YES;
				SDKROOT = iphoneos;
				TARGETED_DEVICE_FAMILY = "1,2";
			};
			name = Debug;
		};
		B7E95E8F18EB33B600B10E06 /* Release */ = {
			isa = XCBuildConfiguration;
			buildSettings = {
				ALWAYS_SEARCH_USER_PATHS = NO;
				CLANG_CXX_LANGUAGE_STANDARD = "gnu++0x";
				CLANG_CXX_LIBRARY = "libc++";
				CLANG_ENABLE_MODULES = YES;
				CLANG_ENABLE_OBJC_ARC = YES;
				CLANG_WARN_BOOL_CONVERSION = YES;
				CLANG_WARN_CONSTANT_CONVERSION = YES;
				CLANG_WARN_DIRECT_OBJC_ISA_USAGE = YES_ERROR;
				CLANG_WARN_EMPTY_BODY = YES;
				CLANG_WARN_ENUM_CONVERSION = YES;
				CLANG_WARN_INT_CONVERSION = YES;
				CLANG_WARN_OBJC_ROOT_CLASS = YES_ERROR;
				CLANG_WARN__DUPLICATE_METHOD_MATCH = YES;
				"CODE_SIGN_IDENTITY[sdk=iphoneos*]" = "iPhone Developer";
				COPY_PHASE_STRIP = YES;
				ENABLE_NS_ASSERTIONS = NO;
				GCC_C_LANGUAGE_STANDARD = gnu99;
				GCC_WARN_64_TO_32_BIT_CONVERSION = YES;
				GCC_WARN_ABOUT_RETURN_TYPE = YES_ERROR;
				GCC_WARN_UNDECLARED_SELECTOR = YES;
				GCC_WARN_UNINITIALIZED_AUTOS = YES;
				GCC_WARN_UNUSED_FUNCTION = YES;
				GCC_WARN_UNUSED_VARIABLE = YES;
				IPHONEOS_DEPLOYMENT_TARGET = 7.0;
				SDKROOT = iphoneos;
				TARGETED_DEVICE_FAMILY = "1,2";
				VALIDATE_PRODUCT = YES;
			};
			name = Release;
		};
		B7E95E9118EB33B600B10E06 /* Debug */ = {
			isa = XCBuildConfiguration;
			buildSettings = {
				ASSETCATALOG_COMPILER_APPICON_NAME = AppIcon;
				ASSETCATALOG_COMPILER_LAUNCHIMAGE_NAME = LaunchImage;
				GCC_PRECOMPILE_PREFIX_HEADER = YES;
				GCC_PREFIX_HEADER = "AudioManager/AudioManager-Prefix.pch";
				INFOPLIST_FILE = "AudioManager/AudioManager-Info.plist";
				PRODUCT_NAME = "$(TARGET_NAME)";
				TARGETED_DEVICE_FAMILY = 1;
				WRAPPER_EXTENSION = app;
			};
			name = Debug;
		};
		B7E95E9218EB33B600B10E06 /* Release */ = {
			isa = XCBuildConfiguration;
			buildSettings = {
				ASSETCATALOG_COMPILER_APPICON_NAME = AppIcon;
				ASSETCATALOG_COMPILER_LAUNCHIMAGE_NAME = LaunchImage;
				GCC_PRECOMPILE_PREFIX_HEADER = YES;
				GCC_PREFIX_HEADER = "AudioManager/AudioManager-Prefix.pch";
				INFOPLIST_FILE = "AudioManager/AudioManager-Info.plist";
				PRODUCT_NAME = "$(TARGET_NAME)";
				TARGETED_DEVICE_FAMILY = 1;
				WRAPPER_EXTENSION = app;
			};
			name = Release;
		};
		B7E95E9418EB33B600B10E06 /* Debug */ = {
			isa = XCBuildConfiguration;
			buildSettings = {
				BUNDLE_LOADER = "$(BUILT_PRODUCTS_DIR)/AudioManager.app/AudioManager";
				FRAMEWORK_SEARCH_PATHS = (
					"$(SDKROOT)/Developer/Library/Frameworks",
					"$(inherited)",
					"$(DEVELOPER_FRAMEWORKS_DIR)",
				);
				GCC_PRECOMPILE_PREFIX_HEADER = YES;
				GCC_PREFIX_HEADER = "AudioManager/AudioManager-Prefix.pch";
				GCC_PREPROCESSOR_DEFINITIONS = (
					"DEBUG=1",
					"$(inherited)",
				);
				INFOPLIST_FILE = "AudioManagerTests/AudioManagerTests-Info.plist";
				PRODUCT_NAME = "$(TARGET_NAME)";
				TEST_HOST = "$(BUNDLE_LOADER)";
				WRAPPER_EXTENSION = xctest;
			};
			name = Debug;
		};
		B7E95E9518EB33B600B10E06 /* Release */ = {
			isa = XCBuildConfiguration;
			buildSettings = {
				BUNDLE_LOADER = "$(BUILT_PRODUCTS_DIR)/AudioManager.app/AudioManager";
				FRAMEWORK_SEARCH_PATHS = (
					"$(SDKROOT)/Developer/Library/Frameworks",
					"$(inherited)",
					"$(DEVELOPER_FRAMEWORKS_DIR)",
				);
				GCC_PRECOMPILE_PREFIX_HEADER = YES;
				GCC_PREFIX_HEADER = "AudioManager/AudioManager-Prefix.pch";
				INFOPLIST_FILE = "AudioManagerTests/AudioManagerTests-Info.plist";
				PRODUCT_NAME = "$(TARGET_NAME)";
				TEST_HOST = "$(BUNDLE_LOADER)";
				WRAPPER_EXTENSION = xctest;
			};
			name = Release;
		};
/* End XCBuildConfiguration section */

/* Begin XCConfigurationList section */
		B7E95E5918EB33B600B10E06 /* Build configuration list for PBXProject "AudioManager" */ = {
			isa = XCConfigurationList;
			buildConfigurations = (
				B7E95E8E18EB33B600B10E06 /* Debug */,
				B7E95E8F18EB33B600B10E06 /* Release */,
			);
			defaultConfigurationIsVisible = 0;
			defaultConfigurationName = Release;
		};
		B7E95E9018EB33B600B10E06 /* Build configuration list for PBXNativeTarget "AudioManager" */ = {
			isa = XCConfigurationList;
			buildConfigurations = (
				B7E95E9118EB33B600B10E06 /* Debug */,
				B7E95E9218EB33B600B10E06 /* Release */,
			);
			defaultConfigurationIsVisible = 0;
			defaultConfigurationName = Release;
		};
		B7E95E9318EB33B600B10E06 /* Build configuration list for PBXNativeTarget "AudioManagerTests" */ = {
			isa = XCConfigurationList;
			buildConfigurations = (
				B7E95E9418EB33B600B10E06 /* Debug */,
				B7E95E9518EB33B600B10E06 /* Release */,
			);
			defaultConfigurationIsVisible = 0;
			defaultConfigurationName = Release;
		};
/* End XCConfigurationList section */

/* Begin XCVersionGroup section */
		B7E95E7518EB33B600B10E06 /* AudioManager.xcdatamodeld */ = {
			isa = XCVersionGroup;
			children = (
				B7E95E7618EB33B600B10E06 /* AudioManager.xcdatamodel */,
			);
			currentVersion = B7E95E7618EB33B600B10E06 /* AudioManager.xcdatamodel */;
			path = AudioManager.xcdatamodeld;
			sourceTree = "<group>";
			versionGroupType = wrapper.xcdatamodel;
		};
/* End XCVersionGroup section */
	};
	rootObject = B7E95E5618EB33B600B10E06 /* Project object */;
}
